
Microsoft Visual Studio Solution File, Format Version 11.00
# Visual Studio 2010
Project("{FAE04EC0-301F-11D3-BF4B-00C04F79EFBC}") = "Entities", "Entities\Entities.csproj", "{A4FB4BDC-2713-4F2B-8CEB-8EF8E998C007}"
EndProject
Project("{FAE04EC0-301F-11D3-BF4B-00C04F79EFBC}") = "BusinessLayer", "BusinessLayer\BusinessLayer.csproj", "{AF52DAA5-D692-4496-8A43-AF541D01D926}"
EndProject
Project("{FAE04EC0-301F-11D3-BF4B-00C04F79EFBC}") = "Application2016", "Application2016\Application2016.csproj", "{B424201B-C41F-4A1A-88C6-BD6E8D208426}"
EndProject
Project("{FAE04EC0-301F-11D3-BF4B-00C04F79EFBC}") = "DataLayer", "DataLayer\DataLayer.csproj", "{1C0A801C-68C9-4056-A856-76FF5898E0F4}"
EndProject
Global
	GlobalSection(SolutionConfigurationPlatforms) = preSolution
		Debug|Any CPU = Debug|Any CPU
		Release|Any CPU = Release|Any CPU
	EndGlobalSection
	GlobalSection(ProjectConfigurationPlatforms) = postSolution
		{A4FB4BDC-2713-4F2B-8CEB-8EF8E998C007}.Debug|Any CPU.ActiveCfg = Debug|Any CPU
		{A4FB4BDC-2713-4F2B-8CEB-8EF8E998C007}.Debug|Any CPU.Build.0 = Debug|Any CPU
		{A4FB4BDC-2713-4F2B-8CEB-8EF8E998C007}.Release|Any CPU.ActiveCfg = Release|Any CPU
		{A4FB4BDC-2713-4F2B-8CEB-8EF8E998C007}.Release|Any CPU.Build.0 = Release|Any CPU
		{AF52DAA5-D692-4496-8A43-AF541D01D926}.Debug|Any CPU.ActiveCfg = Debug|Any CPU
		{AF52DAA5-D692-4496-8A43-AF541D01D926}.Debug|Any CPU.Build.0 = Debug|Any CPU
		{AF52DAA5-D692-4496-8A43-AF541D01D926}.Release|Any CPU.ActiveCfg = Release|Any CPU
		{AF52DAA5-D692-4496-8A43-AF541D01D926}.Release|Any CPU.Build.0 = Release|Any CPU
		{B424201B-C41F-4A1A-88C6-BD6E8D208426}.Debug|Any CPU.ActiveCfg = Debug|Any CPU
		{B424201B-C41F-4A1A-88C6-BD6E8D208426}.Debug|Any CPU.Build.0 = Debug|Any CPU
		{B424201B-C41F-4A1A-88C6-BD6E8D208426}.Release|Any CPU.ActiveCfg = Release|Any CPU
		{B424201B-C41F-4A1A-88C6-BD6E8D208426}.Release|Any CPU.Build.0 = Release|Any CPU
		{1C0A801C-68C9-4056-A856-76FF5898E0F4}.Debug|Any CPU.ActiveCfg = Debug|Any CPU
		{1C0A801C-68C9-4056-A856-76FF5898E0F4}.Debug|Any CPU.Build.0 = Debug|Any CPU
		{1C0A801C-68C9-4056-A856-76FF5898E0F4}.Release|Any CPU.ActiveCfg = Release|Any CPU
		{1C0A801C-68C9-4056-A856-76FF5898E0F4}.Release|Any CPU.Build.0 = Release|Any CPU
	EndGlobalSection
	GlobalSection(SolutionProperties) = preSolution
		HideSolutionNode = FALSE
	EndGlobalSection
EndGlobal
